github.com/gethinode/mod-utils/v6 v6.12.1 h1:oj02+wlFvGFR98tqiB2rphxs5usEU300AYcs7EvkZlk=
github.com/gethinode/mod-utils/v6 v6.12.1/go.mod h1:E5tO9w3VKaidJpu1nI8zAKmh0bddFHOIIQnudAaXQTs=
github.com/gethinode/mod-utils/v6 v6.13.1 h1:OxmN0zPtzmtSe3vliN5NC4Rgv+t3sFLJlfHPwmYfiTs=
github.com/gethinode/mod-utils/v6 v6.13.1/go.mod h1:E5tO9w3VKaidJpu1nI8zAKmh0bddFHOIIQnudAaXQTs=
github.com/nextapps-de/flexsearch v0.0.0-20260529083235-f7ed963096a0 h1:QDKcU3q39lFGzdVwM6kgCGnW3ibbMfYIi0Rwl62iJpo=
github.com/nextapps-de/flexsearch v0.0.0-20260529083235-f7ed963096a0/go.mod h1:5GdMfPAXzbA2gXBqTjC6l27kioSYzHlqDMh0+wyx7sU=
