github.com/gethinode/mod-utils/v6 v6.4.0 h1:l49KrawKE/7c6XE00wXQ9T5/kuTfiETerBz6OWn3SJc=
github.com/gethinode/mod-utils/v6 v6.4.0/go.mod h1:E5tO9w3VKaidJpu1nI8zAKmh0bddFHOIIQnudAaXQTs=
github.com/gethinode/mod-utils/v6 v6.4.1 h1:jHiJEwSjLp6tqIXayxUQTxILwnM7hWMgYyTYhxFE3ZA=
github.com/gethinode/mod-utils/v6 v6.4.1/go.mod h1:E5tO9w3VKaidJpu1nI8zAKmh0bddFHOIIQnudAaXQTs=
github.com/nextapps-de/flexsearch v0.0.0-20260529083235-f7ed963096a0 h1:QDKcU3q39lFGzdVwM6kgCGnW3ibbMfYIi0Rwl62iJpo=
github.com/nextapps-de/flexsearch v0.0.0-20260529083235-f7ed963096a0/go.mod h1:5GdMfPAXzbA2gXBqTjC6l27kioSYzHlqDMh0+wyx7sU=
