github.com/gethinode/mod-utils/v5 v5.23.4 h1:/lcKi1MJ2srGfNhCPtdnTRpQgdh2FNBRUAS7Ysz1W34=
github.com/gethinode/mod-utils/v5 v5.23.4/go.mod h1:PwQN4oOjA6k/vet11JueJ9asZMgL0DBa3jyS9tPkBWU=
github.com/nextapps-de/flexsearch v0.0.0-20260529083235-f7ed963096a0 h1:QDKcU3q39lFGzdVwM6kgCGnW3ibbMfYIi0Rwl62iJpo=
github.com/nextapps-de/flexsearch v0.0.0-20260529083235-f7ed963096a0/go.mod h1:5GdMfPAXzbA2gXBqTjC6l27kioSYzHlqDMh0+wyx7sU=
